{
    "compileClasspath": {
        "io.github.gradle-nexus:publish-plugin": {
            "locked": "1.0.0"
        },
        "org.jetbrains.kotlin:kotlin-reflect": {
            "locked": "1.4.30"
        },
        "org.jetbrains.kotlin:kotlin-stdlib-jdk8": {
            "locked": "1.4.20"
        }
    },
    "compileOnlyDependenciesMetadata": {
        "org.jetbrains.kotlin:kotlin-reflect": {
            "locked": "1.4.20"
        },
        "org.jetbrains.kotlin:kotlin-stdlib-jdk8": {
            "locked": "1.4.20"
        }
    },
    "embeddedKotlin": {
        "org.jetbrains.kotlin:kotlin-reflect": {
            "locked": "1.4.20"
        },
        "org.jetbrains.kotlin:kotlin-stdlib-jdk8": {
            "locked": "1.4.20"
        }
    },
    "implementationDependenciesMetadata": {
        "io.github.gradle-nexus:publish-plugin": {
            "locked": "1.0.0"
        }
    },
    "integTestApiDependenciesMetadata": {
        "org.jetbrains.kotlin:kotlin-stdlib-jdk8": {
            "locked": "1.4.30"
        }
    },
    "integTestCompileClasspath": {
        "com.netflix.nebula:nebula-test": {
            "locked": "7.10.2"
        },
        "io.github.gradle-nexus:publish-plugin": {
            "locked": "1.0.0"
        },
        "org.jetbrains.kotlin:kotlin-reflect": {
            "locked": "1.4.30"
        },
        "org.jetbrains.kotlin:kotlin-stdlib-jdk8": {
            "locked": "1.4.30"
        }
    },
    "integTestImplementationDependenciesMetadata": {
        "org.jetbrains.kotlin:kotlin-stdlib-jdk8": {
            "locked": "1.4.30"
        }
    },
    "integTestRuntimeClasspath": {
        "com.netflix.nebula:nebula-test": {
            "locked": "7.10.2"
        },
        "io.github.gradle-nexus:publish-plugin": {
            "locked": "1.0.0"
        },
        "org.jetbrains.kotlin:kotlin-reflect": {
            "locked": "1.4.30"
        },
        "org.jetbrains.kotlin:kotlin-stdlib-jdk8": {
            "locked": "1.4.30"
        }
    },
    "jacocoAgent": {
        "org.jacoco:org.jacoco.agent": {
            "locked": "0.8.6"
        }
    },
    "jacocoAnt": {
        "org.jacoco:org.jacoco.ant": {
            "locked": "0.8.6"
        }
    },
    "kotlinCompilerClasspath": {
        "org.jetbrains.kotlin:kotlin-compiler-embeddable": {
            "locked": "1.4.30"
        }
    },
    "kotlinCompilerPluginClasspath": {
        "org.jetbrains.kotlin:kotlin-sam-with-receiver": {
            "locked": "1.4.30"
        },
        "org.jetbrains.kotlin:kotlin-scripting-compiler-embeddable": {
            "locked": "1.4.30"
        }
    },
    "kotlinKlibCommonizerClasspath": {
        "org.jetbrains.kotlin:kotlin-klib-commonizer-embeddable": {
            "locked": "1.4.30"
        }
    },
    "runtimeClasspath": {
        "io.github.gradle-nexus:publish-plugin": {
            "locked": "1.0.0"
        }
    },
    "testCompileClasspath": {
        "com.netflix.nebula:nebula-test": {
            "locked": "7.10.2"
        },
        "io.github.gradle-nexus:publish-plugin": {
            "locked": "1.0.0"
        },
        "org.jetbrains.kotlin:kotlin-reflect": {
            "locked": "1.4.30"
        },
        "org.jetbrains.kotlin:kotlin-stdlib-jdk8": {
            "locked": "1.4.20"
        }
    },
    "testImplementationDependenciesMetadata": {
        "com.netflix.nebula:nebula-test": {
            "locked": "7.10.2"
        },
        "io.github.gradle-nexus:publish-plugin": {
            "locked": "1.0.0"
        },
        "org.jetbrains.kotlin:kotlin-reflect": {
            "locked": "1.4.30"
        },
        "org.jetbrains.kotlin:kotlin-stdlib-jdk8": {
            "locked": "1.4.20"
        }
    },
    "testRuntimeClasspath": {
        "com.netflix.nebula:nebula-test": {
            "locked": "7.10.2"
        },
        "io.github.gradle-nexus:publish-plugin": {
            "locked": "1.0.0"
        },
        "org.jetbrains.kotlin:kotlin-reflect": {
            "locked": "1.4.30"
        },
        "org.jetbrains.kotlin:kotlin-stdlib-jdk8": {
            "locked": "1.4.20"
        }
    }
}