{
    "compileClasspath": {
        "io.github.gradle-nexus:publish-plugin": {
            "locked": "1.0.0"
        },
        "org.apache.maven:maven-model": {
            "locked": "3.6.2"
        },
        "org.jetbrains.kotlin:kotlin-reflect": {
            "locked": "1.5.21"
        },
        "org.jetbrains.kotlin:kotlin-stdlib-jdk8": {
            "locked": "1.5.21"
        }
    },
    "compileOnlyDependenciesMetadata": {
        "org.jetbrains.kotlin:kotlin-reflect": {
            "locked": "1.5.21"
        },
        "org.jetbrains.kotlin:kotlin-stdlib-jdk8": {
            "locked": "1.5.21"
        }
    },
    "embeddedKotlin": {
        "org.jetbrains.kotlin:kotlin-reflect": {
            "locked": "1.5.21"
        },
        "org.jetbrains.kotlin:kotlin-stdlib-jdk8": {
            "locked": "1.5.21"
        }
    },
    "implementationDependenciesMetadata": {
        "io.github.gradle-nexus:publish-plugin": {
            "locked": "1.0.0"
        },
        "org.apache.maven:maven-model": {
            "locked": "3.6.2"
        }
    },
    "integTestApiDependenciesMetadata": {
        "org.jetbrains.kotlin:kotlin-stdlib-jdk8": {
            "locked": "1.5.30"
        }
    },
    "integTestCompileClasspath": {
        "com.netflix.nebula:nebula-test": {
            "locked": "10.0.1"
        },
        "io.github.gradle-nexus:publish-plugin": {
            "locked": "1.0.0"
        },
        "org.apache.maven:maven-model": {
            "locked": "3.6.2"
        },
        "org.jetbrains.kotlin:kotlin-reflect": {
            "locked": "1.5.21"
        },
        "org.jetbrains.kotlin:kotlin-stdlib-jdk8": {
            "locked": "1.5.30"
        }
    },
    "integTestImplementationDependenciesMetadata": {
        "org.jetbrains.kotlin:kotlin-stdlib-jdk8": {
            "locked": "1.5.30"
        }
    },
    "integTestRuntimeClasspath": {
        "com.netflix.nebula:nebula-test": {
            "locked": "10.0.1"
        },
        "io.github.gradle-nexus:publish-plugin": {
            "locked": "1.0.0"
        },
        "org.apache.maven:maven-model": {
            "locked": "3.6.2"
        },
        "org.jetbrains.kotlin:kotlin-reflect": {
            "locked": "1.5.21"
        },
        "org.jetbrains.kotlin:kotlin-stdlib-jdk8": {
            "locked": "1.5.30"
        }
    },
    "jacocoAgent": {
        "org.jacoco:org.jacoco.agent": {
            "locked": "0.8.7"
        }
    },
    "jacocoAnt": {
        "org.jacoco:org.jacoco.ant": {
            "locked": "0.8.7"
        }
    },
    "kotlinCompilerClasspath": {
        "org.jetbrains.kotlin:kotlin-compiler-embeddable": {
            "locked": "1.5.30"
        }
    },
    "kotlinCompilerPluginClasspathIntegTest": {
        "org.jetbrains.kotlin:kotlin-sam-with-receiver": {
            "locked": "1.5.30"
        },
        "org.jetbrains.kotlin:kotlin-scripting-compiler-embeddable": {
            "locked": "1.5.30"
        }
    },
    "kotlinCompilerPluginClasspathMain": {
        "org.jetbrains.kotlin:kotlin-sam-with-receiver": {
            "locked": "1.5.30"
        },
        "org.jetbrains.kotlin:kotlin-scripting-compiler-embeddable": {
            "locked": "1.5.30"
        }
    },
    "kotlinCompilerPluginClasspathTest": {
        "org.jetbrains.kotlin:kotlin-sam-with-receiver": {
            "locked": "1.5.30"
        },
        "org.jetbrains.kotlin:kotlin-scripting-compiler-embeddable": {
            "locked": "1.5.30"
        }
    },
    "kotlinKlibCommonizerClasspath": {
        "org.jetbrains.kotlin:kotlin-klib-commonizer-embeddable": {
            "locked": "1.5.30"
        }
    },
    "runtimeClasspath": {
        "io.github.gradle-nexus:publish-plugin": {
            "locked": "1.0.0"
        },
        "org.apache.maven:maven-model": {
            "locked": "3.6.2"
        }
    },
    "testCompileClasspath": {
        "com.netflix.nebula:nebula-test": {
            "locked": "10.0.1"
        },
        "io.github.gradle-nexus:publish-plugin": {
            "locked": "1.0.0"
        },
        "org.apache.maven:maven-model": {
            "locked": "3.6.2"
        },
        "org.jetbrains.kotlin:kotlin-reflect": {
            "locked": "1.5.21"
        },
        "org.jetbrains.kotlin:kotlin-stdlib-jdk8": {
            "locked": "1.5.21"
        }
    },
    "testImplementationDependenciesMetadata": {
        "com.netflix.nebula:nebula-test": {
            "locked": "10.0.1"
        },
        "io.github.gradle-nexus:publish-plugin": {
            "locked": "1.0.0"
        },
        "org.apache.maven:maven-model": {
            "locked": "3.6.2"
        },
        "org.jetbrains.kotlin:kotlin-reflect": {
            "locked": "1.5.21"
        },
        "org.jetbrains.kotlin:kotlin-stdlib-jdk8": {
            "locked": "1.5.21"
        }
    },
    "testRuntimeClasspath": {
        "com.netflix.nebula:nebula-test": {
            "locked": "10.0.1"
        },
        "io.github.gradle-nexus:publish-plugin": {
            "locked": "1.0.0"
        },
        "org.apache.maven:maven-model": {
            "locked": "3.6.2"
        },
        "org.jetbrains.kotlin:kotlin-reflect": {
            "locked": "1.5.21"
        },
        "org.jetbrains.kotlin:kotlin-stdlib-jdk8": {
            "locked": "1.5.21"
        }
    }
}